
Microsoft Visual Studio Solution File, Format Version 12.00
# Visual Studio 15
VisualStudioVersion = 15.0.27703.2035
MinimumVisualStudioVersion = 10.0.40219.1
Project("{FAE04EC0-301F-11D3-BF4B-00C04F79EFBC}") = "cuterAvedex", "cuterAvedex.csproj", "{5D4A6D7C-8A10-4C89-B5F9-12C4A56821D3}"
EndProject
Project("{FAE04EC0-301F-11D3-BF4B-00C04F79EFBC}") = "TestForm", "..\TestForm\TestForm.csproj", "{D5827118-B129-4C2C-BB8B-12849FEBAC93}"
EndProject
Project("{FAE04EC0-301F-11D3-BF4B-00C04F79EFBC}") = "HighlighterDll", "HighlighterDll\HighlighterDll.csproj", "{36FAA929-63B4-48F3-9204-27B6AE0F752D}"
EndProject
Global
	GlobalSection(SolutionConfigurationPlatforms) = preSolution
		Debug|Any CPU = Debug|Any CPU
		Release|Any CPU = Release|Any CPU
	EndGlobalSection
	GlobalSection(ProjectConfigurationPlatforms) = postSolution
		{5D4A6D7C-8A10-4C89-B5F9-12C4A56821D3}.Debug|Any CPU.ActiveCfg = Debug|Any CPU
		{5D4A6D7C-8A10-4C89-B5F9-12C4A56821D3}.Debug|Any CPU.Build.0 = Debug|Any CPU
		{5D4A6D7C-8A10-4C89-B5F9-12C4A56821D3}.Release|Any CPU.ActiveCfg = Release|Any CPU
		{5D4A6D7C-8A10-4C89-B5F9-12C4A56821D3}.Release|Any CPU.Build.0 = Release|Any CPU
		{D5827118-B129-4C2C-BB8B-12849FEBAC93}.Debug|Any CPU.ActiveCfg = Debug|Any CPU
		{D5827118-B129-4C2C-BB8B-12849FEBAC93}.Debug|Any CPU.Build.0 = Debug|Any CPU
		{D5827118-B129-4C2C-BB8B-12849FEBAC93}.Release|Any CPU.ActiveCfg = Release|Any CPU
		{D5827118-B129-4C2C-BB8B-12849FEBAC93}.Release|Any CPU.Build.0 = Release|Any CPU
		{36FAA929-63B4-48F3-9204-27B6AE0F752D}.Debug|Any CPU.ActiveCfg = Debug|Any CPU
		{36FAA929-63B4-48F3-9204-27B6AE0F752D}.Debug|Any CPU.Build.0 = Debug|Any CPU
		{36FAA929-63B4-48F3-9204-27B6AE0F752D}.Release|Any CPU.ActiveCfg = Release|Any CPU
		{36FAA929-63B4-48F3-9204-27B6AE0F752D}.Release|Any CPU.Build.0 = Release|Any CPU
	EndGlobalSection
	GlobalSection(SolutionProperties) = preSolution
		HideSolutionNode = FALSE
	EndGlobalSection
	GlobalSection(ExtensibilityGlobals) = postSolution
		SolutionGuid = {11C71DE1-DE65-403D-A1DD-84E904EB0AD5}
	EndGlobalSection
EndGlobal
